
Microsoft Visual Studio Solution File, Format Version 12.00
# Visual Studio Version 16
VisualStudioVersion = 16.0.29709.97
MinimumVisualStudioVersion = 10.0.40219.1
Project("{9A19103F-16F7-4668-BE54-9A1E7A4F7556}") = "Sequence", "Sequence\Sequence.csproj", "{9F13AC40-C397-4C9F-B002-D18A43645E15}"
EndProject
Project("{9A19103F-16F7-4668-BE54-9A1E7A4F7556}") = "LinkedList", "LinkedList\LinkedList.csproj", "{35267F90-2487-4B11-BEC5-2F65C96BD57A}"
EndProject
Project("{9A19103F-16F7-4668-BE54-9A1E7A4F7556}") = "LinkedList.Tests", "LinkedList.Tests\LinkedList.Tests.csproj", "{142F0650-4F07-45FA-97AD-B1AD65A31391}"
EndProject
Project("{9A19103F-16F7-4668-BE54-9A1E7A4F7556}") = "Sequence.Tests", "Sequence.Tests\Sequence.Tests.csproj", "{8EF32B35-763F-44B9-9F94-708813C67F57}"
EndProject
Project("{9A19103F-16F7-4668-BE54-9A1E7A4F7556}") = "RationalCalculator", "RationalCalculator\RationalCalculator.csproj", "{A14280A6-FA79-4DFA-A0FD-96347501C406}"
EndProject
Project("{9A19103F-16F7-4668-BE54-9A1E7A4F7556}") = "RationalCalculator.Test", "Rational.Test\RationalCalculator.Test.csproj", "{2CE7B741-341E-4201-811B-4A289280FFCA}"
EndProject
Global
	GlobalSection(SolutionConfigurationPlatforms) = preSolution
		Debug|Any CPU = Debug|Any CPU
		Release|Any CPU = Release|Any CPU
	EndGlobalSection
	GlobalSection(ProjectConfigurationPlatforms) = postSolution
		{9F13AC40-C397-4C9F-B002-D18A43645E15}.Debug|Any CPU.ActiveCfg = Debug|Any CPU
		{9F13AC40-C397-4C9F-B002-D18A43645E15}.Debug|Any CPU.Build.0 = Debug|Any CPU
		{9F13AC40-C397-4C9F-B002-D18A43645E15}.Release|Any CPU.ActiveCfg = Release|Any CPU
		{9F13AC40-C397-4C9F-B002-D18A43645E15}.Release|Any CPU.Build.0 = Release|Any CPU
		{35267F90-2487-4B11-BEC5-2F65C96BD57A}.Debug|Any CPU.ActiveCfg = Debug|Any CPU
		{35267F90-2487-4B11-BEC5-2F65C96BD57A}.Debug|Any CPU.Build.0 = Debug|Any CPU
		{35267F90-2487-4B11-BEC5-2F65C96BD57A}.Release|Any CPU.ActiveCfg = Release|Any CPU
		{35267F90-2487-4B11-BEC5-2F65C96BD57A}.Release|Any CPU.Build.0 = Release|Any CPU
		{142F0650-4F07-45FA-97AD-B1AD65A31391}.Debug|Any CPU.ActiveCfg = Debug|Any CPU
		{142F0650-4F07-45FA-97AD-B1AD65A31391}.Debug|Any CPU.Build.0 = Debug|Any CPU
		{142F0650-4F07-45FA-97AD-B1AD65A31391}.Release|Any CPU.ActiveCfg = Release|Any CPU
		{142F0650-4F07-45FA-97AD-B1AD65A31391}.Release|Any CPU.Build.0 = Release|Any CPU
		{8EF32B35-763F-44B9-9F94-708813C67F57}.Debug|Any CPU.ActiveCfg = Debug|Any CPU
		{8EF32B35-763F-44B9-9F94-708813C67F57}.Debug|Any CPU.Build.0 = Debug|Any CPU
		{8EF32B35-763F-44B9-9F94-708813C67F57}.Release|Any CPU.ActiveCfg = Release|Any CPU
		{8EF32B35-763F-44B9-9F94-708813C67F57}.Release|Any CPU.Build.0 = Release|Any CPU
		{A14280A6-FA79-4DFA-A0FD-96347501C406}.Debug|Any CPU.ActiveCfg = Debug|Any CPU
		{A14280A6-FA79-4DFA-A0FD-96347501C406}.Debug|Any CPU.Build.0 = Debug|Any CPU
		{A14280A6-FA79-4DFA-A0FD-96347501C406}.Release|Any CPU.ActiveCfg = Release|Any CPU
		{A14280A6-FA79-4DFA-A0FD-96347501C406}.Release|Any CPU.Build.0 = Release|Any CPU
		{2CE7B741-341E-4201-811B-4A289280FFCA}.Debug|Any CPU.ActiveCfg = Debug|Any CPU
		{2CE7B741-341E-4201-811B-4A289280FFCA}.Debug|Any CPU.Build.0 = Debug|Any CPU
		{2CE7B741-341E-4201-811B-4A289280FFCA}.Release|Any CPU.ActiveCfg = Release|Any CPU
		{2CE7B741-341E-4201-811B-4A289280FFCA}.Release|Any CPU.Build.0 = Release|Any CPU
	EndGlobalSection
	GlobalSection(SolutionProperties) = preSolution
		HideSolutionNode = FALSE
	EndGlobalSection
	GlobalSection(ExtensibilityGlobals) = postSolution
		SolutionGuid = {9CB3020F-F206-4595-AC16-9CE111998089}
	EndGlobalSection
EndGlobal
